// !$*UTF8*$!
{
	archiveVersion = 1;
	classes = {
	};
	objectVersion = 77;
	objects = {

/* Begin PBXContainerItemProxy section */
		2229ED302E0B80D500C6853F /* PBXContainerItemProxy */ = {
			isa = PBXContainerItemProxy;
			containerPortal = 2229ED1A2E0B80D400C6853F /* Project object */;
			proxyType = 1;
			remoteGlobalIDString = 2229ED212E0B80D400C6853F;
			remoteInfo = GuessTheFlag3;
		};
		2229ED3A2E0B80D500C6853F /* PBXContainerItemProxy */ = {
			isa = PBXContainerItemProxy;
			containerPortal = 2229ED1A2E0B80D400C6853F /* Project object */;
			proxyType = 1;
			remoteGlobalIDString = 2229ED212E0B80D400C6853F;
			remoteInfo = GuessTheFlag3;
		};
/* End PBXContainerItemProxy section */

/* Begin PBXFileReference section */
		2229ED222E0B80D400C6853F /* GuessTheFlag3.app */ = {isa = PBXFileReference; explicitFileType = wrapper.application; includeInIndex = 0; path = GuessTheFlag3.app; sourceTree = BUILT_PRODUCTS_DIR; };
		2229ED2F2E0B80D500C6853F /* GuessTheFlag3Tests.xctest */ = {isa = PBXFileReference; explicitFileType = wrapper.cfbundle; includeInIndex = 0; path = GuessTheFlag3Tests.xctest; sourceTree = BUILT_PRODUCTS_DIR; };
		2229ED392E0B80D500C6853F /* GuessTheFlag3UITests.xctest */ = {isa = PBXFileReference; explicitFileType = wrapper.cfbundle; includeInIndex = 0; path = GuessTheFlag3UITests.xctest; sourceTree = BUILT_PRODUCTS_DIR; };
/* End PBXFileReference section */

/* Begin PBXFileSystemSynchronizedRootGroup section */
		2229ED242E0B80D400C6853F /* GuessTheFlag3 */ = {
			isa = PBXFileSystemSynchronizedRootGroup;
			path = GuessTheFlag3;
			sourceTree = "<group>";
		};
		2229ED322E0B80D500C6853F /* GuessTheFlag3Tests */ = {
			isa = PBXFileSystemSynchronizedRootGroup;
			path = GuessTheFlag3Tests;
			sourceTree = "<group>";
		};
		2229ED3C2E0B80D500C6853F /* GuessTheFlag3UITests */ = {
			isa = PBXFileSystemSynchronizedRootGroup;
			path = GuessTheFlag3UITests;
			sourceTree = "<group>";
		};
/* End PBXFileSystemSynchronizedRootGroup section */

/* Begin PBXFrameworksBuildPhase section */
		2229ED1F2E0B80D400C6853F /* Frameworks */ = {
			isa = PBXFrameworksBuildPhase;
			buildActionMask = 2147483647;
			files = (
			);
			runOnlyForDeploymentPostprocessing = 0;
		};
		2229ED2C2E0B80D500C6853F /* Frameworks */ = {
			isa = PBXFrameworksBuildPhase;
			buildActionMask = 2147483647;
			files = (
			);
			runOnlyForDeploymentPostprocessing = 0;
		};
		2229ED362E0B80D500C6853F /* Frameworks */ = {
			isa = PBXFrameworksBuildPhase;
			buildActionMask = 2147483647;
			files = (
			);
			runOnlyForDeploymentPostprocessing = 0;
		};
/* End PBXFrameworksBuildPhase section */

/* Begin PBXGroup section */
		2229ED192E0B80D400C6853F = {
			isa = PBXGroup;
			children = (
				2229ED242E0B80D400C6853F /* GuessTheFlag3 */,
				2229ED322E0B80D500C6853F /* GuessTheFlag3Tests */,
				2229ED3C2E0B80D500C6853F /* GuessTheFlag3UITests */,
				2229ED232E0B80D400C6853F /* Products */,
			);
			sourceTree = "<group>";
		};
		2229ED232E0B80D400C6853F /* Products */ = {
			isa = PBXGroup;
			children = (
				2229ED222E0B80D400C6853F /* GuessTheFlag3.app */,
				2229ED2F2E0B80D500C6853F /* GuessTheFlag3Tests.xctest */,
				2229ED392E0B80D500C6853F /* GuessTheFlag3UITests.xctest */,
			);
			name = Products;
			sourceTree = "<group>";
		};
/* End PBXGroup section */

/* Begin PBXNativeTarget section */
		2229ED212E0B80D400C6853F /* GuessTheFlag3 */ = {
			isa = PBXNativeTarget;
			buildConfigurationList = 2229ED432E0B80D500C6853F /* Build configuration list for PBXNativeTarget "GuessTheFlag3" */;
			buildPhases = (
				2229ED1E2E0B80D400C6853F /* Sources */,
				2229ED1F2E0B80D400C6853F /* Frameworks */,
				2229ED202E0B80D400C6853F /* Resources */,
			);
			buildRules = (
			);
			dependencies = (
			);
			fileSystemSynchronizedGroups = (
				2229ED242E0B80D400C6853F /* GuessTheFlag3 */,
			);
			name = GuessTheFlag3;
			packageProductDependencies = (
			);
			productName = GuessTheFlag3;
			productReference = 2229ED222E0B80D400C6853F /* GuessTheFlag3.app */;
			productType = "com.apple.product-type.application";
		};
		2229ED2E2E0B80D500C6853F /* GuessTheFlag3Tests */ = {
			isa = PBXNativeTarget;
			buildConfigurationList = 2229ED462E0B80D500C6853F /* Build configuration list for PBXNativeTarget "GuessTheFlag3Tests" */;
			buildPhases = (
				2229ED2B2E0B80D500C6853F /* Sources */,
				2229ED2C2E0B80D500C6853F /* Frameworks */,
				2229ED2D2E0B80D500C6853F /* Resources */,
			);
			buildRules = (
			);
			dependencies = (
				2229ED312E0B80D500C6853F /* PBXTargetDependency */,
			);
			fileSystemSynchronizedGroups = (
				2229ED322E0B80D500C6853F /* GuessTheFlag3Tests */,
			);
			name = GuessTheFlag3Tests;
			packageProductDependencies = (
			);
			productName = GuessTheFlag3Tests;
			productReference = 2229ED2F2E0B80D500C6853F /* GuessTheFlag3Tests.xctest */;
			productType = "com.apple.product-type.bundle.unit-test";
		};
		2229ED382E0B80D500C6853F /* GuessTheFlag3UITests */ = {
			isa = PBXNativeTarget;
			buildConfigurationList = 2229ED492E0B80D500C6853F /* Build configuration list for PBXNativeTarget "GuessTheFlag3UITests" */;
			buildPhases = (
				2229ED352E0B80D500C6853F /* Sources */,
				2229ED362E0B80D500C6853F /* Frameworks */,
				2229ED372E0B80D500C6853F /* Resources */,
			);
			buildRules = (
			);
			dependencies = (
				2229ED3B2E0B80D500C6853F /* PBXTargetDependency */,
			);
			fileSystemSynchronizedGroups = (
				2229ED3C2E0B80D500C6853F /* GuessTheFlag3UITests */,
			);
			name = GuessTheFlag3UITests;
			packageProductDependencies = (
			);
			productName = GuessTheFlag3UITests;
			productReference = 2229ED392E0B80D500C6853F /* GuessTheFlag3UITests.xctest */;
			productType = "com.apple.product-type.bundle.ui-testing";
		};
/* End PBXNativeTarget section */

/* Begin PBXProject section */
		2229ED1A2E0B80D400C6853F /* Project object */ = {
			isa = PBXProject;
			attributes = {
				BuildIndependentTargetsInParallel = 1;
				LastSwiftUpdateCheck = 1640;
				LastUpgradeCheck = 1640;
				TargetAttributes = {
					2229ED212E0B80D400C6853F = {
						CreatedOnToolsVersion = 16.4;
					};
					2229ED2E2E0B80D500C6853F = {
						CreatedOnToolsVersion = 16.4;
						TestTargetID = 2229ED212E0B80D400C6853F;
					};
					2229ED382E0B80D500C6853F = {
						CreatedOnToolsVersion = 16.4;
						TestTargetID = 2229ED212E0B80D400C6853F;
					};
				};
			};
			buildConfigurationList = 2229ED1D2E0B80D400C6853F /* Build configuration list for PBXProject "GuessTheFlag3" */;
			developmentRegion = en;
			hasScannedForEncodings = 0;
			knownRegions = (
				en,
				Base,
			);
			mainGroup = 2229ED192E0B80D400C6853F;
			minimizedProjectReferenceProxies = 1;
			preferredProjectObjectVersion = 77;
			productRefGroup = 2229ED232E0B80D400C6853F /* Products */;
			projectDirPath = "";
			projectRoot = "";
			targets = (
				2229ED212E0B80D400C6853F /* GuessTheFlag3 */,
				2229ED2E2E0B80D500C6853F /* GuessTheFlag3Tests */,
				2229ED382E0B80D500C6853F /* GuessTheFlag3UITests */,
			);
		};
/* End PBXProject section */

/* Begin PBXResourcesBuildPhase section */
		2229ED202E0B80D400C6853F /* Resources */ = {
			isa = PBXResourcesBuildPhase;
			buildActionMask = 2147483647;
			files = (
			);
			runOnlyForDeploymentPostprocessing = 0;
		};
		2229ED2D2E0B80D500C6853F /* Resources */ = {
			isa = PBXResourcesBuildPhase;
			buildActionMask = 2147483647;
			files = (
			);
			runOnlyForDeploymentPostprocessing = 0;
		};
		2229ED372E0B80D500C6853F /* Resources */ = {
			isa = PBXResourcesBuildPhase;
			buildActionMask = 2147483647;
			files = (
			);
			runOnlyForDeploymentPostprocessing = 0;
		};
/* End PBXResourcesBuildPhase section */

/* Begin PBXSourcesBuildPhase section */
		2229ED1E2E0B80D400C6853F /* Sources */ = {
			isa = PBXSourcesBuildPhase;
			buildActionMask = 2147483647;
			files = (
			);
			runOnlyForDeploymentPostprocessing = 0;
		};
		2229ED2B2E0B80D500C6853F /* Sources */ = {
			isa = PBXSourcesBuildPhase;
			buildActionMask = 2147483647;
			files = (
			);
			runOnlyForDeploymentPostprocessing = 0;
		};
		2229ED352E0B80D500C6853F /* Sources */ = {
			isa = PBXSourcesBuildPhase;
			buildActionMask = 2147483647;
			files = (
			);
			runOnlyForDeploymentPostprocessing = 0;
		};
/* End PBXSourcesBuildPhase section */

/* Begin PBXTargetDependency section */
		2229ED312E0B80D500C6853F /* PBXTargetDependency */ = {
			isa = PBXTargetDependency;
			target = 2229ED212E0B80D400C6853F /* GuessTheFlag3 */;
			targetProxy = 2229ED302E0B80D500C6853F /* PBXContainerItemProxy */;
		};
		2229ED3B2E0B80D500C6853F /* PBXTargetDependency */ = {
			isa = PBXTargetDependency;
			target = 2229ED212E0B80D400C6853F /* GuessTheFlag3 */;
			targetProxy = 2229ED3A2E0B80D500C6853F /* PBXContainerItemProxy */;
		};
/* End PBXTargetDependency section */

/* Begin XCBuildConfiguration section */
		2229ED412E0B80D500C6853F /* Debug */ = {
			isa = XCBuildConfiguration;
			buildSettings = {
				ALWAYS_SEARCH_USER_PATHS = NO;
				ASSETCATALOG_COMPILER_GENERATE_SWIFT_ASSET_SYMBOL_EXTENSIONS = YES;
				CLANG_ANALYZER_NONNULL = YES;
				CLANG_ANALYZER_NUMBER_OBJECT_CONVERSION = YES_AGGRESSIVE;
				CLANG_CXX_LANGUAGE_STANDARD = "gnu++20";
				CLANG_ENABLE_MODULES = YES;
				CLANG_ENABLE_OBJC_ARC = YES;
				CLANG_ENABLE_OBJC_WEAK = YES;
				CLANG_WARN_BLOCK_CAPTURE_AUTORELEASING = YES;
				CLANG_WARN_BOOL_CONVERSION = YES;
				CLANG_WARN_COMMA = YES;
				CLANG_WARN_CONSTANT_CONVERSION = YES;
				CLANG_WARN_DEPRECATED_OBJC_IMPLEMENTATIONS = YES;
				CLANG_WARN_DIRECT_OBJC_ISA_USAGE = YES_ERROR;
				CLANG_WARN_DOCUMENTATION_COMMENTS = YES;
				CLANG_WARN_EMPTY_BODY = YES;
				CLANG_WARN_ENUM_CONVERSION = YES;
				CLANG_WARN_INFINITE_RECURSION = YES;
				CLANG_WARN_INT_CONVERSION = YES;
				CLANG_WARN_NON_LITERAL_NULL_CONVERSION = YES;
				CLANG_WARN_OBJC_IMPLICIT_RETAIN_SELF = YES;
				CLANG_WARN_OBJC_LITERAL_CONVERSION = YES;
				CLANG_WARN_OBJC_ROOT_CLASS = YES_ERROR;
				CLANG_WARN_QUOTED_INCLUDE_IN_FRAMEWORK_HEADER = YES;
				CLANG_WARN_RANGE_LOOP_ANALYSIS = YES;
				CLANG_WARN_STRICT_PROTOTYPES = YES;
				CLANG_WARN_SUSPICIOUS_MOVE = YES;
				CLANG_WARN_UNGUARDED_AVAILABILITY = YES_AGGRESSIVE;
				CLANG_WARN_UNREACHABLE_CODE = YES;
				CLANG_WARN__DUPLICATE_METHOD_MATCH = YES;
				COPY_PHASE_STRIP = NO;
				DEBUG_INFORMATION_FORMAT = dwarf;
				ENABLE_STRICT_OBJC_MSGSEND = YES;
				ENABLE_TESTABILITY = YES;
				ENABLE_USER_SCRIPT_SANDBOXING = YES;
				GCC_C_LANGUAGE_STANDARD = gnu17;
				GCC_DYNAMIC_NO_PIC = NO;
				GCC_NO_COMMON_BLOCKS = YES;
				GCC_OPTIMIZATION_LEVEL = 0;
				GCC_PREPROCESSOR_DEFINITIONS = (
					"DEBUG=1",
					"$(inherited)",
				);
				GCC_WARN_64_TO_32_BIT_CONVERSION = YES;
				GCC_WARN_ABOUT_RETURN_TYPE = YES_ERROR;
				GCC_WARN_UNDECLARED_SELECTOR = YES;
				GCC_WARN_UNINITIALIZED_AUTOS = YES_AGGRESSIVE;
				GCC_WARN_UNUSED_FUNCTION = YES;
				GCC_WARN_UNUSED_VARIABLE = YES;
				IPHONEOS_DEPLOYMENT_TARGET = 18.5;
				LOCALIZATION_PREFERS_STRING_CATALOGS = YES;
				MTL_ENABLE_DEBUG_INFO = INCLUDE_SOURCE;
				MTL_FAST_MATH = YES;
				ONLY_ACTIVE_ARCH = YES;
				SDKROOT = iphoneos;
				SWIFT_ACTIVE_COMPILATION_CONDITIONS = "DEBUG $(inherited)";
				SWIFT_OPTIMIZATION_LEVEL = "-Onone";
			};
			name = Debug;
		};
		2229ED422E0B80D500C6853F /* Release */ = {
			isa = XCBuildConfiguration;
			buildSettings = {
				ALWAYS_SEARCH_USER_PATHS = NO;
				ASSETCATALOG_COMPILER_GENERATE_SWIFT_ASSET_SYMBOL_EXTENSIONS = YES;
				CLANG_ANALYZER_NONNULL = YES;
				CLANG_ANALYZER_NUMBER_OBJECT_CONVERSION = YES_AGGRESSIVE;
				CLANG_CXX_LANGUAGE_STANDARD = "gnu++20";
				CLANG_ENABLE_MODULES = YES;
				CLANG_ENABLE_OBJC_ARC = YES;
				CLANG_ENABLE_OBJC_WEAK = YES;
				CLANG_WARN_BLOCK_CAPTURE_AUTORELEASING = YES;
				CLANG_WARN_BOOL_CONVERSION = YES;
				CLANG_WARN_COMMA = YES;
				CLANG_WARN_CONSTANT_CONVERSION = YES;
				CLANG_WARN_DEPRECATED_OBJC_IMPLEMENTATIONS = YES;
				CLANG_WARN_DIRECT_OBJC_ISA_USAGE = YES_ERROR;
				CLANG_WARN_DOCUMENTATION_COMMENTS = YES;
				CLANG_WARN_EMPTY_BODY = YES;
				CLANG_WARN_ENUM_CONVERSION = YES;
				CLANG_WARN_INFINITE_RECURSION = YES;
				CLANG_WARN_INT_CONVERSION = YES;
				CLANG_WARN_NON_LITERAL_NULL_CONVERSION = YES;
				CLANG_WARN_OBJC_IMPLICIT_RETAIN_SELF = YES;
				CLANG_WARN_OBJC_LITERAL_CONVERSION = YES;
				CLANG_WARN_OBJC_ROOT_CLASS = YES_ERROR;
				CLANG_WARN_QUOTED_INCLUDE_IN_FRAMEWORK_HEADER = YES;
				CLANG_WARN_RANGE_LOOP_ANALYSIS = YES;
				CLANG_WARN_STRICT_PROTOTYPES = YES;
				CLANG_WARN_SUSPICIOUS_MOVE = YES;
				CLANG_WARN_UNGUARDED_AVAILABILITY = YES_AGGRESSIVE;
				CLANG_WARN_UNREACHABLE_CODE = YES;
				CLANG_WARN__DUPLICATE_METHOD_MATCH = YES;
				COPY_PHASE_STRIP = NO;
				DEBUG_INFORMATION_FORMAT = "dwarf-with-dsym";
				ENABLE_NS_ASSERTIONS = NO;
				ENABLE_STRICT_OBJC_MSGSEND = YES;
				ENABLE_USER_SCRIPT_SANDBOXING = YES;
				GCC_C_LANGUAGE_STANDARD = gnu17;
				GCC_NO_COMMON_BLOCKS = YES;
				GCC_WARN_64_TO_32_BIT_CONVERSION = YES;
				GCC_WARN_ABOUT_RETURN_TYPE = YES_ERROR;
				GCC_WARN_UNDECLARED_SELECTOR = YES;
				GCC_WARN_UNINITIALIZED_AUTOS = YES_AGGRESSIVE;
				GCC_WARN_UNUSED_FUNCTION = YES;
				GCC_WARN_UNUSED_VARIABLE = YES;
				IPHONEOS_DEPLOYMENT_TARGET = 18.5;
				LOCALIZATION_PREFERS_STRING_CATALOGS = YES;
				MTL_ENABLE_DEBUG_INFO = NO;
				MTL_FAST_MATH = YES;
				SDKROOT = iphoneos;
				SWIFT_COMPILATION_MODE = wholemodule;
				VALIDATE_PRODUCT = YES;
			};
			name = Release;
		};
		2229ED442E0B80D500C6853F /* Debug */ = {
			isa = XCBuildConfiguration;
			buildSettings = {
				ASSETCATALOG_COMPILER_APPICON_NAME = AppIcon;
				ASSETCATALOG_COMPILER_GLOBAL_ACCENT_COLOR_NAME = AccentColor;
				CODE_SIGN_STYLE = Automatic;
				CURRENT_PROJECT_VERSION = 1;
				ENABLE_PREVIEWS = YES;
				GENERATE_INFOPLIST_FILE = YES;
				INFOPLIST_KEY_UIApplicationSceneManifest_Generation = YES;
				INFOPLIST_KEY_UIApplicationSupportsIndirectInputEvents = YES;
				INFOPLIST_KEY_UILaunchScreen_Generation = YES;
				INFOPLIST_KEY_UISupportedInterfaceOrientations_iPad = "UIInterfaceOrientationPortrait UIInterfaceOrientationPortraitUpsideDown UIInterfaceOrientationLandscapeLeft UIInterfaceOrientationLandscapeRight";
				INFOPLIST_KEY_UISupportedInterfaceOrientations_iPhone = "UIInterfaceOrientationPortrait UIInterfaceOrientationLandscapeLeft UIInterfaceOrientationLandscapeRight";
				LD_RUNPATH_SEARCH_PATHS = (
					"$(inherited)",
					"@executable_path/Frameworks",
				);
				MARKETING_VERSION = 1.0;
				PRODUCT_BUNDLE_IDENTIFIER = com.santana.cleyrol.GuessTheFlag3;
				PRODUCT_NAME = "$(TARGET_NAME)";
				SWIFT_EMIT_LOC_STRINGS = YES;
				SWIFT_VERSION = 5.0;
				TARGETED_DEVICE_FAMILY = "1,2";
			};
			name = Debug;
		};
		2229ED452E0B80D500C6853F /* Release */ = {
			isa = XCBuildConfiguration;
			buildSettings = {
				ASSETCATALOG_COMPILER_APPICON_NAME = AppIcon;
				ASSETCATALOG_COMPILER_GLOBAL_ACCENT_COLOR_NAME = AccentColor;
				CODE_SIGN_STYLE = Automatic;
				CURRENT_PROJECT_VERSION = 1;
				ENABLE_PREVIEWS = YES;
				GENERATE_INFOPLIST_FILE = YES;
				INFOPLIST_KEY_UIApplicationSceneManifest_Generation = YES;
				INFOPLIST_KEY_UIApplicationSupportsIndirectInputEvents = YES;
				INFOPLIST_KEY_UILaunchScreen_Generation = YES;
				INFOPLIST_KEY_UISupportedInterfaceOrientations_iPad = "UIInterfaceOrientationPortrait UIInterfaceOrientationPortraitUpsideDown UIInterfaceOrientationLandscapeLeft UIInterfaceOrientationLandscapeRight";
				INFOPLIST_KEY_UISupportedInterfaceOrientations_iPhone = "UIInterfaceOrientationPortrait UIInterfaceOrientationLandscapeLeft UIInterfaceOrientationLandscapeRight";
				LD_RUNPATH_SEARCH_PATHS = (
					"$(inherited)",
					"@executable_path/Frameworks",
				);
				MARKETING_VERSION = 1.0;
				PRODUCT_BUNDLE_IDENTIFIER = com.santana.cleyrol.GuessTheFlag3;
				PRODUCT_NAME = "$(TARGET_NAME)";
				SWIFT_EMIT_LOC_STRINGS = YES;
				SWIFT_VERSION = 5.0;
				TARGETED_DEVICE_FAMILY = "1,2";
			};
			name = Release;
		};
		2229ED472E0B80D500C6853F /* Debug */ = {
			isa = XCBuildConfiguration;
			buildSettings = {
				BUNDLE_LOADER = "$(TEST_HOST)";
				CODE_SIGN_STYLE = Automatic;
				CURRENT_PROJECT_VERSION = 1;
				GENERATE_INFOPLIST_FILE = YES;
				IPHONEOS_DEPLOYMENT_TARGET = 18.5;
				MARKETING_VERSION = 1.0;
				PRODUCT_BUNDLE_IDENTIFIER = com.santana.cleyrol.GuessTheFlag3Tests;
				PRODUCT_NAME = "$(TARGET_NAME)";
				SWIFT_EMIT_LOC_STRINGS = NO;
				SWIFT_VERSION = 5.0;
				TARGETED_DEVICE_FAMILY = "1,2";
				TEST_HOST = "$(BUILT_PRODUCTS_DIR)/GuessTheFlag3.app/$(BUNDLE_EXECUTABLE_FOLDER_PATH)/GuessTheFlag3";
			};
			name = Debug;
		};
		2229ED482E0B80D500C6853F /* Release */ = {
			isa = XCBuildConfiguration;
			buildSettings = {
				BUNDLE_LOADER = "$(TEST_HOST)";
				CODE_SIGN_STYLE = Automatic;
				CURRENT_PROJECT_VERSION = 1;
				GENERATE_INFOPLIST_FILE = YES;
				IPHONEOS_DEPLOYMENT_TARGET = 18.5;
				MARKETING_VERSION = 1.0;
				PRODUCT_BUNDLE_IDENTIFIER = com.santana.cleyrol.GuessTheFlag3Tests;
				PRODUCT_NAME = "$(TARGET_NAME)";
				SWIFT_EMIT_LOC_STRINGS = NO;
				SWIFT_VERSION = 5.0;
				TARGETED_DEVICE_FAMILY = "1,2";
				TEST_HOST = "$(BUILT_PRODUCTS_DIR)/GuessTheFlag3.app/$(BUNDLE_EXECUTABLE_FOLDER_PATH)/GuessTheFlag3";
			};
			name = Release;
		};
		2229ED4A2E0B80D500C6853F /* Debug */ = {
			isa = XCBuildConfiguration;
			buildSettings = {
				CODE_SIGN_STYLE = Automatic;
				CURRENT_PROJECT_VERSION = 1;
				GENERATE_INFOPLIST_FILE = YES;
				MARKETING_VERSION = 1.0;
				PRODUCT_BUNDLE_IDENTIFIER = com.santana.cleyrol.GuessTheFlag3UITests;
				PRODUCT_NAME = "$(TARGET_NAME)";
				SWIFT_EMIT_LOC_STRINGS = NO;
				SWIFT_VERSION = 5.0;
				TARGETED_DEVICE_FAMILY = "1,2";
				TEST_TARGET_NAME = GuessTheFlag3;
			};
			name = Debug;
		};
		2229ED4B2E0B80D500C6853F /* Release */ = {
			isa = XCBuildConfiguration;
			buildSettings = {
				CODE_SIGN_STYLE = Automatic;
				CURRENT_PROJECT_VERSION = 1;
				GENERATE_INFOPLIST_FILE = YES;
				MARKETING_VERSION = 1.0;
				PRODUCT_BUNDLE_IDENTIFIER = com.santana.cleyrol.GuessTheFlag3UITests;
				PRODUCT_NAME = "$(TARGET_NAME)";
				SWIFT_EMIT_LOC_STRINGS = NO;
				SWIFT_VERSION = 5.0;
				TARGETED_DEVICE_FAMILY = "1,2";
				TEST_TARGET_NAME = GuessTheFlag3;
			};
			name = Release;
		};
/* End XCBuildConfiguration section */

/* Begin XCConfigurationList section */
		2229ED1D2E0B80D400C6853F /* Build configuration list for PBXProject "GuessTheFlag3" */ = {
			isa = XCConfigurationList;
			buildConfigurations = (
				2229ED412E0B80D500C6853F /* Debug */,
				2229ED422E0B80D500C6853F /* Release */,
			);
			defaultConfigurationIsVisible = 0;
			defaultConfigurationName = Release;
		};
		2229ED432E0B80D500C6853F /* Build configuration list for PBXNativeTarget "GuessTheFlag3" */ = {
			isa = XCConfigurationList;
			buildConfigurations = (
				2229ED442E0B80D500C6853F /* Debug */,
				2229ED452E0B80D500C6853F /* Release */,
			);
			defaultConfigurationIsVisible = 0;
			defaultConfigurationName = Release;
		};
		2229ED462E0B80D500C6853F /* Build configuration list for PBXNativeTarget "GuessTheFlag3Tests" */ = {
			isa = XCConfigurationList;
			buildConfigurations = (
				2229ED472E0B80D500C6853F /* Debug */,
				2229ED482E0B80D500C6853F /* Release */,
			);
			defaultConfigurationIsVisible = 0;
			defaultConfigurationName = Release;
		};
		2229ED492E0B80D500C6853F /* Build configuration list for PBXNativeTarget "GuessTheFlag3UITests" */ = {
			isa = XCConfigurationList;
			buildConfigurations = (
				2229ED4A2E0B80D500C6853F /* Debug */,
				2229ED4B2E0B80D500C6853F /* Release */,
			);
			defaultConfigurationIsVisible = 0;
			defaultConfigurationName = Release;
		};
/* End XCConfigurationList section */
	};
	rootObject = 2229ED1A2E0B80D400C6853F /* Project object */;
}
