// !$*UTF8*$!
{
	archiveVersion = 1;
	classes = {
	};
	objectVersion = 77;
	objects = {

/* Begin PBXContainerItemProxy section */
		224F30062E04DEB800F08AAA /* PBXContainerItemProxy */ = {
			isa = PBXContainerItemProxy;
			containerPortal = 224F2FF02E04DEB600F08AAA /* Project object */;
			proxyType = 1;
			remoteGlobalIDString = 224F2FF72E04DEB600F08AAA;
			remoteInfo = WeSplit2;
		};
		224F30102E04DEB800F08AAA /* PBXContainerItemProxy */ = {
			isa = PBXContainerItemProxy;
			containerPortal = 224F2FF02E04DEB600F08AAA /* Project object */;
			proxyType = 1;
			remoteGlobalIDString = 224F2FF72E04DEB600F08AAA;
			remoteInfo = WeSplit2;
		};
/* End PBXContainerItemProxy section */

/* Begin PBXFileReference section */
		224F2FF82E04DEB600F08AAA /* WeSplit2.app */ = {isa = PBXFileReference; explicitFileType = wrapper.application; includeInIndex = 0; path = WeSplit2.app; sourceTree = BUILT_PRODUCTS_DIR; };
		224F30052E04DEB800F08AAA /* WeSplit2Tests.xctest */ = {isa = PBXFileReference; explicitFileType = wrapper.cfbundle; includeInIndex = 0; path = WeSplit2Tests.xctest; sourceTree = BUILT_PRODUCTS_DIR; };
		224F300F2E04DEB800F08AAA /* WeSplit2UITests.xctest */ = {isa = PBXFileReference; explicitFileType = wrapper.cfbundle; includeInIndex = 0; path = WeSplit2UITests.xctest; sourceTree = BUILT_PRODUCTS_DIR; };
/* End PBXFileReference section */

/* Begin PBXFileSystemSynchronizedRootGroup section */
		224F2FFA2E04DEB600F08AAA /* WeSplit2 */ = {
			isa = PBXFileSystemSynchronizedRootGroup;
			path = WeSplit2;
			sourceTree = "<group>";
		};
		224F30082E04DEB800F08AAA /* WeSplit2Tests */ = {
			isa = PBXFileSystemSynchronizedRootGroup;
			path = WeSplit2Tests;
			sourceTree = "<group>";
		};
		224F30122E04DEB800F08AAA /* WeSplit2UITests */ = {
			isa = PBXFileSystemSynchronizedRootGroup;
			path = WeSplit2UITests;
			sourceTree = "<group>";
		};
/* End PBXFileSystemSynchronizedRootGroup section */

/* Begin PBXFrameworksBuildPhase section */
		224F2FF52E04DEB600F08AAA /* Frameworks */ = {
			isa = PBXFrameworksBuildPhase;
			buildActionMask = 2147483647;
			files = (
			);
			runOnlyForDeploymentPostprocessing = 0;
		};
		224F30022E04DEB800F08AAA /* Frameworks */ = {
			isa = PBXFrameworksBuildPhase;
			buildActionMask = 2147483647;
			files = (
			);
			runOnlyForDeploymentPostprocessing = 0;
		};
		224F300C2E04DEB800F08AAA /* Frameworks */ = {
			isa = PBXFrameworksBuildPhase;
			buildActionMask = 2147483647;
			files = (
			);
			runOnlyForDeploymentPostprocessing = 0;
		};
/* End PBXFrameworksBuildPhase section */

/* Begin PBXGroup section */
		224F2FEF2E04DEB600F08AAA = {
			isa = PBXGroup;
			children = (
				224F2FFA2E04DEB600F08AAA /* WeSplit2 */,
				224F30082E04DEB800F08AAA /* WeSplit2Tests */,
				224F30122E04DEB800F08AAA /* WeSplit2UITests */,
				224F2FF92E04DEB600F08AAA /* Products */,
			);
			sourceTree = "<group>";
		};
		224F2FF92E04DEB600F08AAA /* Products */ = {
			isa = PBXGroup;
			children = (
				224F2FF82E04DEB600F08AAA /* WeSplit2.app */,
				224F30052E04DEB800F08AAA /* WeSplit2Tests.xctest */,
				224F300F2E04DEB800F08AAA /* WeSplit2UITests.xctest */,
			);
			name = Products;
			sourceTree = "<group>";
		};
/* End PBXGroup section */

/* Begin PBXNativeTarget section */
		224F2FF72E04DEB600F08AAA /* WeSplit2 */ = {
			isa = PBXNativeTarget;
			buildConfigurationList = 224F30192E04DEB800F08AAA /* Build configuration list for PBXNativeTarget "WeSplit2" */;
			buildPhases = (
				224F2FF42E04DEB600F08AAA /* Sources */,
				224F2FF52E04DEB600F08AAA /* Frameworks */,
				224F2FF62E04DEB600F08AAA /* Resources */,
			);
			buildRules = (
			);
			dependencies = (
			);
			fileSystemSynchronizedGroups = (
				224F2FFA2E04DEB600F08AAA /* WeSplit2 */,
			);
			name = WeSplit2;
			packageProductDependencies = (
			);
			productName = WeSplit2;
			productReference = 224F2FF82E04DEB600F08AAA /* WeSplit2.app */;
			productType = "com.apple.product-type.application";
		};
		224F30042E04DEB800F08AAA /* WeSplit2Tests */ = {
			isa = PBXNativeTarget;
			buildConfigurationList = 224F301C2E04DEB800F08AAA /* Build configuration list for PBXNativeTarget "WeSplit2Tests" */;
			buildPhases = (
				224F30012E04DEB800F08AAA /* Sources */,
				224F30022E04DEB800F08AAA /* Frameworks */,
				224F30032E04DEB800F08AAA /* Resources */,
			);
			buildRules = (
			);
			dependencies = (
				224F30072E04DEB800F08AAA /* PBXTargetDependency */,
			);
			fileSystemSynchronizedGroups = (
				224F30082E04DEB800F08AAA /* WeSplit2Tests */,
			);
			name = WeSplit2Tests;
			packageProductDependencies = (
			);
			productName = WeSplit2Tests;
			productReference = 224F30052E04DEB800F08AAA /* WeSplit2Tests.xctest */;
			productType = "com.apple.product-type.bundle.unit-test";
		};
		224F300E2E04DEB800F08AAA /* WeSplit2UITests */ = {
			isa = PBXNativeTarget;
			buildConfigurationList = 224F301F2E04DEB800F08AAA /* Build configuration list for PBXNativeTarget "WeSplit2UITests" */;
			buildPhases = (
				224F300B2E04DEB800F08AAA /* Sources */,
				224F300C2E04DEB800F08AAA /* Frameworks */,
				224F300D2E04DEB800F08AAA /* Resources */,
			);
			buildRules = (
			);
			dependencies = (
				224F30112E04DEB800F08AAA /* PBXTargetDependency */,
			);
			fileSystemSynchronizedGroups = (
				224F30122E04DEB800F08AAA /* WeSplit2UITests */,
			);
			name = WeSplit2UITests;
			packageProductDependencies = (
			);
			productName = WeSplit2UITests;
			productReference = 224F300F2E04DEB800F08AAA /* WeSplit2UITests.xctest */;
			productType = "com.apple.product-type.bundle.ui-testing";
		};
/* End PBXNativeTarget section */

/* Begin PBXProject section */
		224F2FF02E04DEB600F08AAA /* Project object */ = {
			isa = PBXProject;
			attributes = {
				BuildIndependentTargetsInParallel = 1;
				LastSwiftUpdateCheck = 1640;
				LastUpgradeCheck = 1640;
				TargetAttributes = {
					224F2FF72E04DEB600F08AAA = {
						CreatedOnToolsVersion = 16.4;
					};
					224F30042E04DEB800F08AAA = {
						CreatedOnToolsVersion = 16.4;
						TestTargetID = 224F2FF72E04DEB600F08AAA;
					};
					224F300E2E04DEB800F08AAA = {
						CreatedOnToolsVersion = 16.4;
						TestTargetID = 224F2FF72E04DEB600F08AAA;
					};
				};
			};
			buildConfigurationList = 224F2FF32E04DEB600F08AAA /* Build configuration list for PBXProject "WeSplit2" */;
			developmentRegion = en;
			hasScannedForEncodings = 0;
			knownRegions = (
				en,
				Base,
			);
			mainGroup = 224F2FEF2E04DEB600F08AAA;
			minimizedProjectReferenceProxies = 1;
			preferredProjectObjectVersion = 77;
			productRefGroup = 224F2FF92E04DEB600F08AAA /* Products */;
			projectDirPath = "";
			projectRoot = "";
			targets = (
				224F2FF72E04DEB600F08AAA /* WeSplit2 */,
				224F30042E04DEB800F08AAA /* WeSplit2Tests */,
				224F300E2E04DEB800F08AAA /* WeSplit2UITests */,
			);
		};
/* End PBXProject section */

/* Begin PBXResourcesBuildPhase section */
		224F2FF62E04DEB600F08AAA /* Resources */ = {
			isa = PBXResourcesBuildPhase;
			buildActionMask = 2147483647;
			files = (
			);
			runOnlyForDeploymentPostprocessing = 0;
		};
		224F30032E04DEB800F08AAA /* Resources */ = {
			isa = PBXResourcesBuildPhase;
			buildActionMask = 2147483647;
			files = (
			);
			runOnlyForDeploymentPostprocessing = 0;
		};
		224F300D2E04DEB800F08AAA /* Resources */ = {
			isa = PBXResourcesBuildPhase;
			buildActionMask = 2147483647;
			files = (
			);
			runOnlyForDeploymentPostprocessing = 0;
		};
/* End PBXResourcesBuildPhase section */

/* Begin PBXSourcesBuildPhase section */
		224F2FF42E04DEB600F08AAA /* Sources */ = {
			isa = PBXSourcesBuildPhase;
			buildActionMask = 2147483647;
			files = (
			);
			runOnlyForDeploymentPostprocessing = 0;
		};
		224F30012E04DEB800F08AAA /* Sources */ = {
			isa = PBXSourcesBuildPhase;
			buildActionMask = 2147483647;
			files = (
			);
			runOnlyForDeploymentPostprocessing = 0;
		};
		224F300B2E04DEB800F08AAA /* Sources */ = {
			isa = PBXSourcesBuildPhase;
			buildActionMask = 2147483647;
			files = (
			);
			runOnlyForDeploymentPostprocessing = 0;
		};
/* End PBXSourcesBuildPhase section */

/* Begin PBXTargetDependency section */
		224F30072E04DEB800F08AAA /* PBXTargetDependency */ = {
			isa = PBXTargetDependency;
			target = 224F2FF72E04DEB600F08AAA /* WeSplit2 */;
			targetProxy = 224F30062E04DEB800F08AAA /* PBXContainerItemProxy */;
		};
		224F30112E04DEB800F08AAA /* PBXTargetDependency */ = {
			isa = PBXTargetDependency;
			target = 224F2FF72E04DEB600F08AAA /* WeSplit2 */;
			targetProxy = 224F30102E04DEB800F08AAA /* PBXContainerItemProxy */;
		};
/* End PBXTargetDependency section */

/* Begin XCBuildConfiguration section */
		224F30172E04DEB800F08AAA /* Debug */ = {
			isa = XCBuildConfiguration;
			buildSettings = {
				ALWAYS_SEARCH_USER_PATHS = NO;
				ASSETCATALOG_COMPILER_GENERATE_SWIFT_ASSET_SYMBOL_EXTENSIONS = YES;
				CLANG_ANALYZER_NONNULL = YES;
				CLANG_ANALYZER_NUMBER_OBJECT_CONVERSION = YES_AGGRESSIVE;
				CLANG_CXX_LANGUAGE_STANDARD = "gnu++20";
				CLANG_ENABLE_MODULES = YES;
				CLANG_ENABLE_OBJC_ARC = YES;
				CLANG_ENABLE_OBJC_WEAK = YES;
				CLANG_WARN_BLOCK_CAPTURE_AUTORELEASING = YES;
				CLANG_WARN_BOOL_CONVERSION = YES;
				CLANG_WARN_COMMA = YES;
				CLANG_WARN_CONSTANT_CONVERSION = YES;
				CLANG_WARN_DEPRECATED_OBJC_IMPLEMENTATIONS = YES;
				CLANG_WARN_DIRECT_OBJC_ISA_USAGE = YES_ERROR;
				CLANG_WARN_DOCUMENTATION_COMMENTS = YES;
				CLANG_WARN_EMPTY_BODY = YES;
				CLANG_WARN_ENUM_CONVERSION = YES;
				CLANG_WARN_INFINITE_RECURSION = YES;
				CLANG_WARN_INT_CONVERSION = YES;
				CLANG_WARN_NON_LITERAL_NULL_CONVERSION = YES;
				CLANG_WARN_OBJC_IMPLICIT_RETAIN_SELF = YES;
				CLANG_WARN_OBJC_LITERAL_CONVERSION = YES;
				CLANG_WARN_OBJC_ROOT_CLASS = YES_ERROR;
				CLANG_WARN_QUOTED_INCLUDE_IN_FRAMEWORK_HEADER = YES;
				CLANG_WARN_RANGE_LOOP_ANALYSIS = YES;
				CLANG_WARN_STRICT_PROTOTYPES = YES;
				CLANG_WARN_SUSPICIOUS_MOVE = YES;
				CLANG_WARN_UNGUARDED_AVAILABILITY = YES_AGGRESSIVE;
				CLANG_WARN_UNREACHABLE_CODE = YES;
				CLANG_WARN__DUPLICATE_METHOD_MATCH = YES;
				COPY_PHASE_STRIP = NO;
				DEBUG_INFORMATION_FORMAT = dwarf;
				ENABLE_STRICT_OBJC_MSGSEND = YES;
				ENABLE_TESTABILITY = YES;
				ENABLE_USER_SCRIPT_SANDBOXING = YES;
				GCC_C_LANGUAGE_STANDARD = gnu17;
				GCC_DYNAMIC_NO_PIC = NO;
				GCC_NO_COMMON_BLOCKS = YES;
				GCC_OPTIMIZATION_LEVEL = 0;
				GCC_PREPROCESSOR_DEFINITIONS = (
					"DEBUG=1",
					"$(inherited)",
				);
				GCC_WARN_64_TO_32_BIT_CONVERSION = YES;
				GCC_WARN_ABOUT_RETURN_TYPE = YES_ERROR;
				GCC_WARN_UNDECLARED_SELECTOR = YES;
				GCC_WARN_UNINITIALIZED_AUTOS = YES_AGGRESSIVE;
				GCC_WARN_UNUSED_FUNCTION = YES;
				GCC_WARN_UNUSED_VARIABLE = YES;
				IPHONEOS_DEPLOYMENT_TARGET = 18.5;
				LOCALIZATION_PREFERS_STRING_CATALOGS = YES;
				MTL_ENABLE_DEBUG_INFO = INCLUDE_SOURCE;
				MTL_FAST_MATH = YES;
				ONLY_ACTIVE_ARCH = YES;
				SDKROOT = iphoneos;
				SWIFT_ACTIVE_COMPILATION_CONDITIONS = "DEBUG $(inherited)";
				SWIFT_OPTIMIZATION_LEVEL = "-Onone";
			};
			name = Debug;
		};
		224F30182E04DEB800F08AAA /* Release */ = {
			isa = XCBuildConfiguration;
			buildSettings = {
				ALWAYS_SEARCH_USER_PATHS = NO;
				ASSETCATALOG_COMPILER_GENERATE_SWIFT_ASSET_SYMBOL_EXTENSIONS = YES;
				CLANG_ANALYZER_NONNULL = YES;
				CLANG_ANALYZER_NUMBER_OBJECT_CONVERSION = YES_AGGRESSIVE;
				CLANG_CXX_LANGUAGE_STANDARD = "gnu++20";
				CLANG_ENABLE_MODULES = YES;
				CLANG_ENABLE_OBJC_ARC = YES;
				CLANG_ENABLE_OBJC_WEAK = YES;
				CLANG_WARN_BLOCK_CAPTURE_AUTORELEASING = YES;
				CLANG_WARN_BOOL_CONVERSION = YES;
				CLANG_WARN_COMMA = YES;
				CLANG_WARN_CONSTANT_CONVERSION = YES;
				CLANG_WARN_DEPRECATED_OBJC_IMPLEMENTATIONS = YES;
				CLANG_WARN_DIRECT_OBJC_ISA_USAGE = YES_ERROR;
				CLANG_WARN_DOCUMENTATION_COMMENTS = YES;
				CLANG_WARN_EMPTY_BODY = YES;
				CLANG_WARN_ENUM_CONVERSION = YES;
				CLANG_WARN_INFINITE_RECURSION = YES;
				CLANG_WARN_INT_CONVERSION = YES;
				CLANG_WARN_NON_LITERAL_NULL_CONVERSION = YES;
				CLANG_WARN_OBJC_IMPLICIT_RETAIN_SELF = YES;
				CLANG_WARN_OBJC_LITERAL_CONVERSION = YES;
				CLANG_WARN_OBJC_ROOT_CLASS = YES_ERROR;
				CLANG_WARN_QUOTED_INCLUDE_IN_FRAMEWORK_HEADER = YES;
				CLANG_WARN_RANGE_LOOP_ANALYSIS = YES;
				CLANG_WARN_STRICT_PROTOTYPES = YES;
				CLANG_WARN_SUSPICIOUS_MOVE = YES;
				CLANG_WARN_UNGUARDED_AVAILABILITY = YES_AGGRESSIVE;
				CLANG_WARN_UNREACHABLE_CODE = YES;
				CLANG_WARN__DUPLICATE_METHOD_MATCH = YES;
				COPY_PHASE_STRIP = NO;
				DEBUG_INFORMATION_FORMAT = "dwarf-with-dsym";
				ENABLE_NS_ASSERTIONS = NO;
				ENABLE_STRICT_OBJC_MSGSEND = YES;
				ENABLE_USER_SCRIPT_SANDBOXING = YES;
				GCC_C_LANGUAGE_STANDARD = gnu17;
				GCC_NO_COMMON_BLOCKS = YES;
				GCC_WARN_64_TO_32_BIT_CONVERSION = YES;
				GCC_WARN_ABOUT_RETURN_TYPE = YES_ERROR;
				GCC_WARN_UNDECLARED_SELECTOR = YES;
				GCC_WARN_UNINITIALIZED_AUTOS = YES_AGGRESSIVE;
				GCC_WARN_UNUSED_FUNCTION = YES;
				GCC_WARN_UNUSED_VARIABLE = YES;
				IPHONEOS_DEPLOYMENT_TARGET = 18.5;
				LOCALIZATION_PREFERS_STRING_CATALOGS = YES;
				MTL_ENABLE_DEBUG_INFO = NO;
				MTL_FAST_MATH = YES;
				SDKROOT = iphoneos;
				SWIFT_COMPILATION_MODE = wholemodule;
				VALIDATE_PRODUCT = YES;
			};
			name = Release;
		};
		224F301A2E04DEB800F08AAA /* Debug */ = {
			isa = XCBuildConfiguration;
			buildSettings = {
				ASSETCATALOG_COMPILER_APPICON_NAME = AppIcon;
				ASSETCATALOG_COMPILER_GLOBAL_ACCENT_COLOR_NAME = AccentColor;
				CODE_SIGN_STYLE = Automatic;
				CURRENT_PROJECT_VERSION = 1;
				ENABLE_PREVIEWS = YES;
				GENERATE_INFOPLIST_FILE = YES;
				INFOPLIST_KEY_UIApplicationSceneManifest_Generation = YES;
				INFOPLIST_KEY_UIApplicationSupportsIndirectInputEvents = YES;
				INFOPLIST_KEY_UILaunchScreen_Generation = YES;
				INFOPLIST_KEY_UISupportedInterfaceOrientations_iPad = "UIInterfaceOrientationPortrait UIInterfaceOrientationPortraitUpsideDown UIInterfaceOrientationLandscapeLeft UIInterfaceOrientationLandscapeRight";
				INFOPLIST_KEY_UISupportedInterfaceOrientations_iPhone = "UIInterfaceOrientationPortrait UIInterfaceOrientationLandscapeLeft UIInterfaceOrientationLandscapeRight";
				LD_RUNPATH_SEARCH_PATHS = (
					"$(inherited)",
					"@executable_path/Frameworks",
				);
				MARKETING_VERSION = 1.0;
				PRODUCT_BUNDLE_IDENTIFIER = com.santana.cleyrol.WeSplit2;
				PRODUCT_NAME = "$(TARGET_NAME)";
				SWIFT_EMIT_LOC_STRINGS = YES;
				SWIFT_VERSION = 5.0;
				TARGETED_DEVICE_FAMILY = "1,2";
			};
			name = Debug;
		};
		224F301B2E04DEB800F08AAA /* Release */ = {
			isa = XCBuildConfiguration;
			buildSettings = {
				ASSETCATALOG_COMPILER_APPICON_NAME = AppIcon;
				ASSETCATALOG_COMPILER_GLOBAL_ACCENT_COLOR_NAME = AccentColor;
				CODE_SIGN_STYLE = Automatic;
				CURRENT_PROJECT_VERSION = 1;
				ENABLE_PREVIEWS = YES;
				GENERATE_INFOPLIST_FILE = YES;
				INFOPLIST_KEY_UIApplicationSceneManifest_Generation = YES;
				INFOPLIST_KEY_UIApplicationSupportsIndirectInputEvents = YES;
				INFOPLIST_KEY_UILaunchScreen_Generation = YES;
				INFOPLIST_KEY_UISupportedInterfaceOrientations_iPad = "UIInterfaceOrientationPortrait UIInterfaceOrientationPortraitUpsideDown UIInterfaceOrientationLandscapeLeft UIInterfaceOrientationLandscapeRight";
				INFOPLIST_KEY_UISupportedInterfaceOrientations_iPhone = "UIInterfaceOrientationPortrait UIInterfaceOrientationLandscapeLeft UIInterfaceOrientationLandscapeRight";
				LD_RUNPATH_SEARCH_PATHS = (
					"$(inherited)",
					"@executable_path/Frameworks",
				);
				MARKETING_VERSION = 1.0;
				PRODUCT_BUNDLE_IDENTIFIER = com.santana.cleyrol.WeSplit2;
				PRODUCT_NAME = "$(TARGET_NAME)";
				SWIFT_EMIT_LOC_STRINGS = YES;
				SWIFT_VERSION = 5.0;
				TARGETED_DEVICE_FAMILY = "1,2";
			};
			name = Release;
		};
		224F301D2E04DEB800F08AAA /* Debug */ = {
			isa = XCBuildConfiguration;
			buildSettings = {
				BUNDLE_LOADER = "$(TEST_HOST)";
				CODE_SIGN_STYLE = Automatic;
				CURRENT_PROJECT_VERSION = 1;
				GENERATE_INFOPLIST_FILE = YES;
				IPHONEOS_DEPLOYMENT_TARGET = 18.5;
				MARKETING_VERSION = 1.0;
				PRODUCT_BUNDLE_IDENTIFIER = com.santana.cleyrol.WeSplit2Tests;
				PRODUCT_NAME = "$(TARGET_NAME)";
				SWIFT_EMIT_LOC_STRINGS = NO;
				SWIFT_VERSION = 5.0;
				TARGETED_DEVICE_FAMILY = "1,2";
				TEST_HOST = "$(BUILT_PRODUCTS_DIR)/WeSplit2.app/$(BUNDLE_EXECUTABLE_FOLDER_PATH)/WeSplit2";
			};
			name = Debug;
		};
		224F301E2E04DEB800F08AAA /* Release */ = {
			isa = XCBuildConfiguration;
			buildSettings = {
				BUNDLE_LOADER = "$(TEST_HOST)";
				CODE_SIGN_STYLE = Automatic;
				CURRENT_PROJECT_VERSION = 1;
				GENERATE_INFOPLIST_FILE = YES;
				IPHONEOS_DEPLOYMENT_TARGET = 18.5;
				MARKETING_VERSION = 1.0;
				PRODUCT_BUNDLE_IDENTIFIER = com.santana.cleyrol.WeSplit2Tests;
				PRODUCT_NAME = "$(TARGET_NAME)";
				SWIFT_EMIT_LOC_STRINGS = NO;
				SWIFT_VERSION = 5.0;
				TARGETED_DEVICE_FAMILY = "1,2";
				TEST_HOST = "$(BUILT_PRODUCTS_DIR)/WeSplit2.app/$(BUNDLE_EXECUTABLE_FOLDER_PATH)/WeSplit2";
			};
			name = Release;
		};
		224F30202E04DEB800F08AAA /* Debug */ = {
			isa = XCBuildConfiguration;
			buildSettings = {
				CODE_SIGN_STYLE = Automatic;
				CURRENT_PROJECT_VERSION = 1;
				GENERATE_INFOPLIST_FILE = YES;
				MARKETING_VERSION = 1.0;
				PRODUCT_BUNDLE_IDENTIFIER = com.santana.cleyrol.WeSplit2UITests;
				PRODUCT_NAME = "$(TARGET_NAME)";
				SWIFT_EMIT_LOC_STRINGS = NO;
				SWIFT_VERSION = 5.0;
				TARGETED_DEVICE_FAMILY = "1,2";
				TEST_TARGET_NAME = WeSplit2;
			};
			name = Debug;
		};
		224F30212E04DEB800F08AAA /* Release */ = {
			isa = XCBuildConfiguration;
			buildSettings = {
				CODE_SIGN_STYLE = Automatic;
				CURRENT_PROJECT_VERSION = 1;
				GENERATE_INFOPLIST_FILE = YES;
				MARKETING_VERSION = 1.0;
				PRODUCT_BUNDLE_IDENTIFIER = com.santana.cleyrol.WeSplit2UITests;
				PRODUCT_NAME = "$(TARGET_NAME)";
				SWIFT_EMIT_LOC_STRINGS = NO;
				SWIFT_VERSION = 5.0;
				TARGETED_DEVICE_FAMILY = "1,2";
				TEST_TARGET_NAME = WeSplit2;
			};
			name = Release;
		};
/* End XCBuildConfiguration section */

/* Begin XCConfigurationList section */
		224F2FF32E04DEB600F08AAA /* Build configuration list for PBXProject "WeSplit2" */ = {
			isa = XCConfigurationList;
			buildConfigurations = (
				224F30172E04DEB800F08AAA /* Debug */,
				224F30182E04DEB800F08AAA /* Release */,
			);
			defaultConfigurationIsVisible = 0;
			defaultConfigurationName = Release;
		};
		224F30192E04DEB800F08AAA /* Build configuration list for PBXNativeTarget "WeSplit2" */ = {
			isa = XCConfigurationList;
			buildConfigurations = (
				224F301A2E04DEB800F08AAA /* Debug */,
				224F301B2E04DEB800F08AAA /* Release */,
			);
			defaultConfigurationIsVisible = 0;
			defaultConfigurationName = Release;
		};
		224F301C2E04DEB800F08AAA /* Build configuration list for PBXNativeTarget "WeSplit2Tests" */ = {
			isa = XCConfigurationList;
			buildConfigurations = (
				224F301D2E04DEB800F08AAA /* Debug */,
				224F301E2E04DEB800F08AAA /* Release */,
			);
			defaultConfigurationIsVisible = 0;
			defaultConfigurationName = Release;
		};
		224F301F2E04DEB800F08AAA /* Build configuration list for PBXNativeTarget "WeSplit2UITests" */ = {
			isa = XCConfigurationList;
			buildConfigurations = (
				224F30202E04DEB800F08AAA /* Debug */,
				224F30212E04DEB800F08AAA /* Release */,
			);
			defaultConfigurationIsVisible = 0;
			defaultConfigurationName = Release;
		};
/* End XCConfigurationList section */
	};
	rootObject = 224F2FF02E04DEB600F08AAA /* Project object */;
}
